# THIS IS AN AUTOGENERATED FILE. DO NOT EDIT THIS FILE DIRECTLY.
# yarn lockfile v1


"@ipld/dag-cbor@^6.0.5":
  "integrity" "sha512-dGinQkyDKQ5vkgX8JxbXBX2fl2GB+cn6u6a6cm/pTub1WeB/PMoDJ9pU7VSBvHUtGO+ZoueeQ06TgEnO+t9esg=="
  "resolved" "https://registry.npmjs.org/@ipld/dag-cbor/-/dag-cbor-6.0.10.tgz"
  "version" "6.0.10"
  dependencies:
    "cborg" "^1.2.1"
    "multiformats" "^9.0.0"

"@ipld/dag-pb@^2.1.3":
  "integrity" "sha512-6p8vgm3jMB7IKO4CAdZV/rbhBo/YvNLmiEot1vjtJalmASM+9DLbFIzHV0CAHkwlSsv3/UTsV7UzfDb6dGTHLQ=="
  "resolved" "https://registry.npmjs.org/@ipld/dag-pb/-/dag-pb-2.1.9.tgz"
  "version" "2.1.9"
  dependencies:
    "multiformats" "^9.0.0"

"@protobufjs/aspromise@^1.1.1", "@protobufjs/aspromise@^1.1.2":
  "integrity" "sha1-m4sMxmPWaafY9vXQiToU00jzD78= sha512-j+gKExEuLmKwvz3OgROXtrJ2UG2x8Ch2YZUxahh+s1F2HZ+wAceUNLkvy6zKCPVRkU++ZWQrdxsUeQXmcg4uoQ=="
  "resolved" "https://registry.npmjs.org/@protobufjs/aspromise/-/aspromise-1.1.2.tgz"
  "version" "1.1.2"

"@protobufjs/base64@^1.1.2":
  "integrity" "sha512-AZkcAA5vnN/v4PDqKyMR5lx7hZttPDgClv83E//FMNhR2TMcLUhfRUBHCmSl0oi9zMgDDqRUJkSxO3wm85+XLg=="
  "resolved" "https://registry.npmjs.org/@protobufjs/base64/-/base64-1.1.2.tgz"
  "version" "1.1.2"

"@protobufjs/codegen@^2.0.4":
  "integrity" "sha512-YyFaikqM5sH0ziFZCN3xDC7zeGaB/d0IUb9CATugHWbd1FRFwWwt4ld4OYMPWu5a3Xe01mGAULCdqhMlPl29Jg=="
  "resolved" "https://registry.npmjs.org/@protobufjs/codegen/-/codegen-2.0.4.tgz"
  "version" "2.0.4"

"@protobufjs/eventemitter@^1.1.0":
  "integrity" "sha1-NVy8mLr61ZePntCV85diHx0Ga3A= sha512-j9ednRT81vYJ9OfVuXG6ERSTdEL1xVsNgqpkxMsbIabzSo3goCjDIveeGv5d03om39ML71RdmrGNjG5SReBP/Q=="
  "resolved" "https://registry.npmjs.org/@protobufjs/eventemitter/-/eventemitter-1.1.0.tgz"
  "version" "1.1.0"

"@protobufjs/fetch@^1.1.0":
  "integrity" "sha1-upn7WYYUr2VwDBYZ/wbUVLDYTEU= sha512-lljVXpqXebpsijW71PZaCYeIcE5on1w5DlQy5WH6GLbFryLUrBD4932W/E2BSpfRJWseIL4v/KPgBFxDOIdKpQ=="
  "resolved" "https://registry.npmjs.org/@protobufjs/fetch/-/fetch-1.1.0.tgz"
  "version" "1.1.0"
  dependencies:
    "@protobufjs/aspromise" "^1.1.1"
    "@protobufjs/inquire" "^1.1.0"

"@protobufjs/float@^1.0.2":
  "integrity" "sha1-Xp4avctz/Ap8uLKR33jIy9l7h9E= sha512-Ddb+kVXlXst9d+R9PfTIxh1EdNkgoRe5tOX6t01f1lYWOvJnSPDBlG241QLzcyPdoNTsblLUdujGSE4RzrTZGQ=="
  "resolved" "https://registry.npmjs.org/@protobufjs/float/-/float-1.0.2.tgz"
  "version" "1.0.2"

"@protobufjs/inquire@^1.1.0":
  "integrity" "sha1-/yAOPnzyQp4tyvwRQIKOjMY48Ik= sha512-kdSefcPdruJiFMVSbn801t4vFK7KB/5gd2fYvrxhuJYg8ILrmn9SKSX2tZdV6V+ksulWqS7aXjBcRXl3wHoD9Q=="
  "resolved" "https://registry.npmjs.org/@protobufjs/inquire/-/inquire-1.1.0.tgz"
  "version" "1.1.0"

"@protobufjs/path@^1.1.2":
  "integrity" "sha1-bMKyDFya1q0NzP0hynZz2Nf79o0= sha512-6JOcJ5Tm08dOHAbdR3GrvP+yUUfkjG5ePsHYczMFLq3ZmMkAD98cDgcT2iA1lJ9NVwFd4tH/iSSoe44YWkltEA=="
  "resolved" "https://registry.npmjs.org/@protobufjs/path/-/path-1.1.2.tgz"
  "version" "1.1.2"

"@protobufjs/pool@^1.1.0":
  "integrity" "sha1-Cf0V8tbTq/qbZbw2ZQbWrXhG/1Q= sha512-0kELaGSIDBKvcgS4zkjz1PeddatrjYcmMWOlAuAPwAeccUrPHdUqo/J6LiymHHEiJT5NrF1UVwxY14f+fy4WQw=="
  "resolved" "https://registry.npmjs.org/@protobufjs/pool/-/pool-1.1.0.tgz"
  "version" "1.1.0"

"@protobufjs/utf8@^1.1.0":
  "integrity" "sha1-p3c2C1s5oaLlEG+OhY8v0tBgxXA= sha512-Vvn3zZrhQZkkBE8LSuW3em98c0FwgO4nxzv6OdSxPKJIEKY2bGbHn+mhGIPerzI4twdxaP8/0+06HBpwf345Lw=="
  "resolved" "https://registry.npmjs.org/@protobufjs/utf8/-/utf8-1.1.0.tgz"
  "version" "1.1.0"

"@types/long@^4.0.1":
  "integrity" "sha512-5tXH6Bx/kNGd3MgffdmP4dy2Z+G4eaXw0SE81Tq3BNadtnMR5/ySMzX4SLEzHJzSmPNn4HIdpQsBvXMUykr58w=="
  "resolved" "https://registry.npmjs.org/@types/long/-/long-4.0.1.tgz"
  "version" "4.0.1"

"@types/minimatch@^3.0.4":
  "integrity" "sha512-Klz949h02Gz2uZCMGwDUSDS1YBlTdDDgbWHi+81l29tQALUtvz4rAYi5uoVhE5Lagoq6DeqAUlbrHvW/mXDgdQ=="
  "resolved" "https://registry.npmjs.org/@types/minimatch/-/minimatch-3.0.5.tgz"
  "version" "3.0.5"

"@types/node-cron@^2.0.4":
  "integrity" "sha512-vXzgDRWCZpuut5wJVZtluEnkNhzGojYlyMch2c4kMj7H74L8xTLytVlgQzj+/17wfcjs49aJDFBDglFSGt7GeA=="
  "resolved" "https://registry.npmjs.org/@types/node-cron/-/node-cron-2.0.4.tgz"
  "version" "2.0.4"
  dependencies:
    "@types/tz-offset" "*"

"@types/node-rsa@^1.1.1":
  "integrity" "sha512-itzxtaBgk4OMbrCawVCvas934waMZWjW17v7EYgFVlfYS/cl0/P7KZdojWCq9SDJMI5cnLQLUP8ayhVCTY8TEg=="
  "resolved" "https://registry.npmjs.org/@types/node-rsa/-/node-rsa-1.1.1.tgz"
  "version" "1.1.1"
  dependencies:
    "@types/node" "*"

"@types/node@*", "@types/node@>=13.7.0":
  "integrity" "sha512-YHUZhBOMTM3mjFkXVcK+WwAcYmyhe1wL4lfqNtzI0b3qAy7yuSetnM7QJazgE5PFmgVTNGiLOgRFfJMqW7XpSQ=="
  "resolved" "https://registry.npmjs.org/@types/node/-/node-16.9.6.tgz"
  "version" "16.9.6"

"@types/tz-offset@*":
  "integrity" "sha512-XLD/llTSB6EBe3thkN+/I0L+yCTB6sjrcVovQdx2Cnl6N6bTzHmwe/J8mWnsXFgxLrj/emzdv8IR4evKYG2qxQ=="
  "resolved" "https://registry.npmjs.org/@types/tz-offset/-/tz-offset-0.0.0.tgz"
  "version" "0.0.0"

"abort-controller@*", "abort-controller@^3.0.0":
  "integrity" "sha512-h8lQ8tacZYnR3vNQTgibj+tODHI5/+l06Au2Pcriv/Gmet0eaj4TwWH41sO9wnHDiQsEj19q0drzdWdeAHtweg=="
  "resolved" "https://registry.npmjs.org/abort-controller/-/abort-controller-3.0.0.tgz"
  "version" "3.0.0"
  dependencies:
    "event-target-shim" "^5.0.0"

"any-signal@^2.1.0", "any-signal@^2.1.2":
  "integrity" "sha512-B+rDnWasMi/eWcajPcCWSlYc7muXOrcYrqgyzcdKisl2H/WTlQ0gip1KyQfr0ZlxJdsuWCj/LWwQm7fhyhRfIQ=="
  "resolved" "https://registry.npmjs.org/any-signal/-/any-signal-2.1.2.tgz"
  "version" "2.1.2"
  dependencies:
    "abort-controller" "^3.0.0"
    "native-abort-controller" "^1.0.3"

"asn1@^0.2.4":
  "integrity" "sha512-jxwzQpLQjSmWXgwaCZE9Nz+glAG01yF1QnWgbhGwHI5A6FRIEY6IVqtHhIepHqI7/kyEyQEagBC5mBEFlIYvdg=="
  "resolved" "https://registry.npmjs.org/asn1/-/asn1-0.2.4.tgz"
  "version" "0.2.4"
  dependencies:
    "safer-buffer" "~2.1.0"

"asynckit@^0.4.0":
  "integrity" "sha1-x57Zf380y48robyXkLzDZkdLS3k= sha512-Oei9OH4tRh0YqU3GxhX79dM/mwVgvbZJaSNaRk+bshkj0S5cfHcgYakreBjrHwatXKbz+IoIdYLxrKim2MjW0Q=="
  "resolved" "https://registry.npmjs.org/asynckit/-/asynckit-0.4.0.tgz"
  "version" "0.4.0"

"balanced-match@^1.0.0":
  "integrity" "sha512-3oSeUO0TMV67hN1AmbXsK4yaqU7tjiHlbxRDZOpH0KW9+CeX4bRAaX0Anxt0tx2MrpRpWwQaPwIlISEJhYU5Pw=="
  "resolved" "https://registry.npmjs.org/balanced-match/-/balanced-match-1.0.2.tgz"
  "version" "1.0.2"

"base64-js@^1.3.1":
  "integrity" "sha512-AKpaYlHn8t4SVbOHCy+b5+KKgvR4vrsD8vbvrbiQJps7fKDTkjkDry6ji0rUJjC0kzbNePLwzxq8iypo41qeWA=="
  "resolved" "https://registry.npmjs.org/base64-js/-/base64-js-1.5.1.tgz"
  "version" "1.5.1"

"blob-to-it@^1.0.1":
  "integrity" "sha512-3bCrqSWG2qWwoIeF6DUJeuW/1isjx7DUhqZn9GpWlK8SVeqcjP+zw4yujdV0bVaqtggk6CUgtu87jfwHi5g7Zg=="
  "resolved" "https://registry.npmjs.org/blob-to-it/-/blob-to-it-1.0.3.tgz"
  "version" "1.0.3"
  dependencies:
    "browser-readablestream-to-it" "^1.0.2"

"brace-expansion@^1.1.7":
  "integrity" "sha512-iCuPHDFgrHX7H2vEI/5xpz07zSHB00TpugqhmYtVmMO6518mCuRMoOYFldEBl0g187ufozdaHgWKcYFb61qGiA=="
  "resolved" "https://registry.npmjs.org/brace-expansion/-/brace-expansion-1.1.11.tgz"
  "version" "1.1.11"
  dependencies:
    "balanced-match" "^1.0.0"
    "concat-map" "0.0.1"

"browser-readablestream-to-it@^1.0.1", "browser-readablestream-to-it@^1.0.2":
  "integrity" "sha512-lv4M2Z6RKJpyJijJzBQL5MNssS7i8yedl+QkhnLCyPtgNGNSXv1KthzUnye9NlRAtBAI80X6S9i+vK09Rzjcvg=="
  "resolved" "https://registry.npmjs.org/browser-readablestream-to-it/-/browser-readablestream-to-it-1.0.2.tgz"
  "version" "1.0.2"

"buffer@^6.0.1", "buffer@^6.0.3":
  "integrity" "sha512-FTiCpNxtwiZZHEZbcbTIcZjERVICn9yq/pDFkTl95/AxzD1naBctN7YO68riM/gLSDY7sdrMby8hofADYuuqOA=="
  "resolved" "https://registry.npmjs.org/buffer/-/buffer-6.0.3.tgz"
  "version" "6.0.3"
  dependencies:
    "base64-js" "^1.3.1"
    "ieee754" "^1.2.1"

"cborg@^1.2.1":
  "integrity" "sha512-3t1+s45x5LiACi39HDiSubPZiKXU2rCreu0oi5A1nccQNDHnprCh9ZQKN1Za3eookOmL03e9oKEZ+LJs0iTE8A=="
  "resolved" "https://registry.npmjs.org/cborg/-/cborg-1.5.0.tgz"
  "version" "1.5.0"

"combined-stream@^1.0.8":
  "integrity" "sha512-FQN4MRfuJeHf7cBbBMJFXhKSDq+2kAArBlmRBvcvFE5BB1HZKXtSFASDhdlz9zOYwxh8lDdnvmMOe/+5cdoEdg=="
  "resolved" "https://registry.npmjs.org/combined-stream/-/combined-stream-1.0.8.tgz"
  "version" "1.0.8"
  dependencies:
    "delayed-stream" "~1.0.0"

"concat-map@0.0.1":
  "integrity" "sha1-2Klr13/Wjfd5OnMDajug1UBdR3s= sha512-/Srv4dswyQNBfohGpz9o6Yb3Gz3SrUDqBH5rTuhGR7ahtlbYKnVxw2bCFMRljaA7EXHaXZ8wsHdodFvbkhKmqg=="
  "resolved" "https://registry.npmjs.org/concat-map/-/concat-map-0.0.1.tgz"
  "version" "0.0.1"

"debug@^4.1.1", "debug@^4.3.1":
  "integrity" "sha512-mOp8wKcvj7XxC78zLgw/ZA+6TSgkoE2C/ienthhRD298T7UNwAg9diBpLRxC0mOezLl4B0xV7M0cCO6P/O0Xhw=="
  "resolved" "https://registry.npmjs.org/debug/-/debug-4.3.2.tgz"
  "version" "4.3.2"
  dependencies:
    "ms" "2.1.2"

"delayed-stream@~1.0.0":
  "integrity" "sha1-3zrhmayt+31ECqrgsp4icrJOxhk= sha512-ZySD7Nf91aLB0RxL4KGrKHBXl7Eds1DAmEdcoVawXnLD7SDhpNgtuII2aAkg7a7QS41jxPSZ17p4VdGnMHk3MQ=="
  "resolved" "https://registry.npmjs.org/delayed-stream/-/delayed-stream-1.0.0.tgz"
  "version" "1.0.0"

"dns-over-http-resolver@^1.2.3":
  "integrity" "sha512-miDiVSI6KSNbi4SVifzO/reD8rMnxgrlnkrlkugOLQpWQTe2qMdHsZp5DmfKjxNE+/T3VAAYLQUZMv9SMr6+AA=="
  "resolved" "https://registry.npmjs.org/dns-over-http-resolver/-/dns-over-http-resolver-1.2.3.tgz"
  "version" "1.2.3"
  dependencies:
    "debug" "^4.3.1"
    "native-fetch" "^3.0.0"
    "receptacle" "^1.3.2"

"electron-fetch@^1.7.2":
  "integrity" "sha512-+fBLXEy4CJWQ5bz8dyaeSG1hD6JJ15kBZyj3eh24pIVrd3hLM47H/umffrdQfS6GZ0falF0g9JT9f3Rs6AVUhw=="
  "resolved" "https://registry.npmjs.org/electron-fetch/-/electron-fetch-1.7.4.tgz"
  "version" "1.7.4"
  dependencies:
    "encoding" "^0.1.13"

"encoding@^0.1.13":
  "integrity" "sha512-ETBauow1T35Y/WZMkio9jiM0Z5xjHHmJ4XmjZOq1l/dXz3lr2sRn87nJy20RupqSh1F2m3HHPSp8ShIPQJrJ3A=="
  "resolved" "https://registry.npmjs.org/encoding/-/encoding-0.1.13.tgz"
  "version" "0.1.13"
  dependencies:
    "iconv-lite" "^0.6.2"

"err-code@^3.0.1":
  "integrity" "sha512-GiaH0KJUewYok+eeY05IIgjtAe4Yltygk9Wqp1V5yVWLdhf0hYZchRjNIT9bb0mSwRcIusT3cx7PJUf3zEIfUA=="
  "resolved" "https://registry.npmjs.org/err-code/-/err-code-3.0.1.tgz"
  "version" "3.0.1"

"event-target-shim@^5.0.0":
  "integrity" "sha512-i/2XbnSz/uxRCU6+NdVJgKWDTM427+MqYbkQzD321DuCQJUqOuJKIA0IM2+W2xtYHdKOmZ4dR6fExsd4SXL+WQ=="
  "resolved" "https://registry.npmjs.org/event-target-shim/-/event-target-shim-5.0.1.tgz"
  "version" "5.0.1"

"fast-fifo@^1.0.0":
  "integrity" "sha512-4VEXmjxLj7sbs8J//cn2qhRap50dGzF5n8fjay8mau+Jn4hxSeR3xPFwxMaQq/pDaq7+KQk0PAbC2+nWDkJrmQ=="
  "resolved" "https://registry.npmjs.org/fast-fifo/-/fast-fifo-1.0.0.tgz"
  "version" "1.0.0"

"form-data@^4.0.0":
  "integrity" "sha512-ETEklSGi5t0QMZuiXoA/Q6vcnxcLQP5vdugSpuAyi6SVGi2clPPp+xgEhuMaHC+zGgn31Kd235W35f7Hykkaww=="
  "resolved" "https://registry.npmjs.org/form-data/-/form-data-4.0.0.tgz"
  "version" "4.0.0"
  dependencies:
    "asynckit" "^0.4.0"
    "combined-stream" "^1.0.8"
    "mime-types" "^2.1.12"

"get-iterator@^1.0.2":
  "integrity" "sha512-v+dm9bNVfOYsY1OrhaCrmyOcYoSeVvbt+hHZ0Au+T+p1y+0Uyj9aMaGIeUTT6xdpRbWzDeYKvfOslPhggQMcsg=="
  "resolved" "https://registry.npmjs.org/get-iterator/-/get-iterator-1.0.2.tgz"
  "version" "1.0.2"

"iconv-lite@^0.6.2":
  "integrity" "sha512-4fCk79wshMdzMp2rH06qWrJE4iolqLhCUH+OiuIgU++RB0+94NlDL81atO7GX55uUKueo0txHNtvEyI6D7WdMw=="
  "resolved" "https://registry.npmjs.org/iconv-lite/-/iconv-lite-0.6.3.tgz"
  "version" "0.6.3"
  dependencies:
    "safer-buffer" ">= 2.1.2 < 3.0.0"

"ieee754@^1.2.1":
  "integrity" "sha512-dcyqhDvX1C46lXZcVqCpK+FtMRQVdIMN6/Df5js2zouUsqG7I6sFxitIC+7KYK29KdXOLHdu9zL4sFnoVQnqaA=="
  "resolved" "https://registry.npmjs.org/ieee754/-/ieee754-1.2.1.tgz"
  "version" "1.2.1"

"inherits@^2.0.3":
  "integrity" "sha512-k/vGaX4/Yla3WzyMCvTQOXYeIHvqOKtnqBduzTHpzpQZzAskKMhZ2K+EnBiSM9zGSoIFeMpXKxa4dYeZIQqewQ=="
  "resolved" "https://registry.npmjs.org/inherits/-/inherits-2.0.4.tgz"
  "version" "2.0.4"

"interface-datastore@^5.2.0":
  "integrity" "sha512-nthO4C4BMJM2j9x/mT2KFa/g/sbcY8yf9j/kOBgli3u5mq9ZdPvQyDxi0OhKzr4JmoM81OYh5xcFjyebquqwvA=="
  "resolved" "https://registry.npmjs.org/interface-datastore/-/interface-datastore-5.2.0.tgz"
  "version" "5.2.0"
  dependencies:
    "err-code" "^3.0.1"
    "interface-store" "^1.0.2"
    "ipfs-utils" "^8.1.2"
    "it-all" "^1.0.2"
    "it-drain" "^1.0.1"
    "it-filter" "^1.0.2"
    "it-take" "^1.0.1"
    "nanoid" "^3.0.2"
    "uint8arrays" "^3.0.0"

"interface-store@^1.0.2":
  "integrity" "sha512-rUBLYsgoWwxuUpnQoSUr+DR/3dH3reVeIu5aOHFZK31lAexmb++kR6ZECNRgrx6WvoaM3Akdo0A7TDrqgCzZaQ=="
  "resolved" "https://registry.npmjs.org/interface-store/-/interface-store-1.0.2.tgz"
  "version" "1.0.2"

"ip-regex@^4.0.0":
  "integrity" "sha512-B9ZWJxHHOHUhUjCPrMpLD4xEq35bUTClHM1S6CBU5ixQnkZmwipwgc96vAd7AAGM9TGHvJR+Uss+/Ak6UphK+Q=="
  "resolved" "https://registry.npmjs.org/ip-regex/-/ip-regex-4.3.0.tgz"
  "version" "4.3.0"

"ipfs-core-types@^0.7.3":
  "integrity" "sha512-FkmOlqhEf3yG0K8Qt7We7kqA0xKjj8pe0dmNK593I3cgMP0MQS/xjMj1CXVdGeZc5Nn5CJ+TsuQydPbJ+7Y8eQ=="
  "resolved" "https://registry.npmjs.org/ipfs-core-types/-/ipfs-core-types-0.7.3.tgz"
  "version" "0.7.3"
  dependencies:
    "interface-datastore" "^5.2.0"
    "multiaddr" "^10.0.0"
    "multiformats" "^9.4.1"

"ipfs-core-utils@^0.10.5":
  "integrity" "sha512-WPRbMkbn/99pKMF3h8x1/c19+eTXVWOZu1+cmlc3NLR6gMlCd8KNpcq9OCAvs9G1JHx3w/FbEWHnqJm0TJMvrw=="
  "resolved" "https://registry.npmjs.org/ipfs-core-utils/-/ipfs-core-utils-0.10.5.tgz"
  "version" "0.10.5"
  dependencies:
    "any-signal" "^2.1.2"
    "blob-to-it" "^1.0.1"
    "browser-readablestream-to-it" "^1.0.1"
    "err-code" "^3.0.1"
    "ipfs-core-types" "^0.7.3"
    "ipfs-unixfs" "^6.0.3"
    "ipfs-utils" "^8.1.4"
    "it-all" "^1.0.4"
    "it-map" "^1.0.4"
    "it-peekable" "^1.0.2"
    "multiaddr" "^10.0.0"
    "multiaddr-to-uri" "^8.0.0"
    "multiformats" "^9.4.1"
    "parse-duration" "^1.0.0"
    "timeout-abort-controller" "^1.1.1"
    "uint8arrays" "^3.0.0"

"ipfs-http-client@^52.0.5":
  "integrity" "sha512-vQ2z6JdBcIJvf6N1Bh/ZdpYBa7fgl0jFV8Rn3HaADhHnIZ/dou8e6nSxHkBPpw2OUyR4ljjjsDvmy2SIIQXohA=="
  "resolved" "https://registry.npmjs.org/ipfs-http-client/-/ipfs-http-client-52.0.5.tgz"
  "version" "52.0.5"
  dependencies:
    "@ipld/dag-cbor" "^6.0.5"
    "@ipld/dag-pb" "^2.1.3"
    "abort-controller" "^3.0.0"
    "any-signal" "^2.1.2"
    "debug" "^4.1.1"
    "err-code" "^3.0.1"
    "form-data" "^4.0.0"
    "ipfs-core-types" "^0.7.3"
    "ipfs-core-utils" "^0.10.5"
    "ipfs-utils" "^8.1.4"
    "it-first" "^1.0.6"
    "it-last" "^1.0.4"
    "it-to-stream" "^1.0.0"
    "merge-options" "^3.0.4"
    "multiaddr" "^10.0.0"
    "multiformats" "^9.4.1"
    "nanoid" "^3.1.12"
    "native-abort-controller" "^1.0.3"
    "parse-duration" "^1.0.0"
    "stream-to-it" "^0.2.2"
    "uint8arrays" "^3.0.0"

"ipfs-unixfs@^6.0.3":
  "integrity" "sha512-gTkjYKXuHnqIf6EFfS+ESaYEl3I3aaQQ0UX8MhpNzreMLEuMnuqpoI/uLLllTZa31WRplKixabbpRTSmTYRNwA=="
  "resolved" "https://registry.npmjs.org/ipfs-unixfs/-/ipfs-unixfs-6.0.6.tgz"
  "version" "6.0.6"
  dependencies:
    "err-code" "^3.0.1"
    "protobufjs" "^6.10.2"

"ipfs-utils@^8.1.2", "ipfs-utils@^8.1.4":
  "integrity" "sha512-V/cwb6113DrDhrjDTWImA6+zmJbpdbUkxdxmEQO7it8ykV76bBmzU1ZXSM0QR0qxGy9VW8dkUlPAC2K10VgSmw=="
  "resolved" "https://registry.npmjs.org/ipfs-utils/-/ipfs-utils-8.1.6.tgz"
  "version" "8.1.6"
  dependencies:
    "abort-controller" "^3.0.0"
    "any-signal" "^2.1.0"
    "buffer" "^6.0.1"
    "electron-fetch" "^1.7.2"
    "err-code" "^3.0.1"
    "is-electron" "^2.2.0"
    "iso-url" "^1.1.5"
    "it-glob" "~0.0.11"
    "it-to-stream" "^1.0.0"
    "merge-options" "^3.0.4"
    "nanoid" "^3.1.20"
    "native-abort-controller" "^1.0.3"
    "native-fetch" "^3.0.0"
    "node-fetch" "https://registry.npmjs.org/@achingbrain/node-fetch/-/node-fetch-2.6.7.tgz"
    "react-native-fetch-api" "^2.0.0"
    "stream-to-it" "^0.2.2"

"is-electron@^2.2.0":
  "integrity" "sha512-SpMppC2XR3YdxSzczXReBjqs2zGscWQpBIKqwXYBFic0ERaxNVgwLCHwOLZeESfdJQjX0RDvrJ1lBXX2ij+G1Q=="
  "resolved" "https://registry.npmjs.org/is-electron/-/is-electron-2.2.0.tgz"
  "version" "2.2.0"

"is-ip@^3.1.0":
  "integrity" "sha512-35vd5necO7IitFPjd/YBeqwWnyDWbuLH9ZXQdMfDA8TEo7pv5X8yfrvVO3xbJbLUlERCMvf6X0hTUamQxCYJ9Q=="
  "resolved" "https://registry.npmjs.org/is-ip/-/is-ip-3.1.0.tgz"
  "version" "3.1.0"
  dependencies:
    "ip-regex" "^4.0.0"

"is-plain-obj@^2.1.0":
  "integrity" "sha512-YWnfyRwxL/+SsrWYfOpUtz5b3YD+nyfkHvjbcanzk8zgyO4ASD67uVMRt8k5bM4lLMDnXfriRhOpemw+NfT1eA=="
  "resolved" "https://registry.npmjs.org/is-plain-obj/-/is-plain-obj-2.1.0.tgz"
  "version" "2.1.0"

"iso-url@^1.1.5":
  "integrity" "sha512-+3JqoKdBTGmyv9vOkS6b9iHhvK34UajfTibrH/1HOK8TI7K2VsM0qOCd+aJdWKtSOA8g3PqZfcwDmnR0p3klqQ=="
  "resolved" "https://registry.npmjs.org/iso-url/-/iso-url-1.1.5.tgz"
  "version" "1.1.5"

"it-all@^1.0.2", "it-all@^1.0.4":
  "integrity" "sha512-ygD4kA4vp8fi+Y+NBgEKt6W06xSbv6Ub/0V8d1r3uCyJ9Izwa1UspkIOlqY9fOee0Z1w3WRo1+VWyAU4DgtufA=="
  "resolved" "https://registry.npmjs.org/it-all/-/it-all-1.0.5.tgz"
  "version" "1.0.5"

"it-drain@^1.0.1":
  "integrity" "sha512-coB7mcyZ4lWBQKoQGJuqM+P94pvpn2T3KY27vcVWPqeB1WmoysRC76VZnzAqrBWzpWcoEJMjZ+fsMBslxNaWfQ=="
  "resolved" "https://registry.npmjs.org/it-drain/-/it-drain-1.0.4.tgz"
  "version" "1.0.4"

"it-filter@^1.0.2":
  "integrity" "sha512-rxFUyPCrhk7WrNxD8msU10iEPhQmROoqwuyWmQUYY1PtopwUGBYyra9EYG2nRZADYeuT83cohKWmKCWPzpeyiw=="
  "resolved" "https://registry.npmjs.org/it-filter/-/it-filter-1.0.2.tgz"
  "version" "1.0.2"

"it-first@^1.0.6":
  "integrity" "sha512-wiI02c+G1BVuu0jz30Nsr1/et0cpSRulKUusN8HDZXxuX4MdUzfMp2P4JUk+a49Wr1kHitRLrnnh3+UzJ6neaQ=="
  "resolved" "https://registry.npmjs.org/it-first/-/it-first-1.0.6.tgz"
  "version" "1.0.6"

"it-glob@~0.0.11":
  "integrity" "sha512-TKKzs9CglbsihSpcwJPXN5DBUssu4akRzPlp8QJRCoLrKoaOpyY2V1qDlxx+UMivn0i114YyTd4AawWl7eqIdw=="
  "resolved" "https://registry.npmjs.org/it-glob/-/it-glob-0.0.14.tgz"
  "version" "0.0.14"
  dependencies:
    "@types/minimatch" "^3.0.4"
    "minimatch" "^3.0.4"

"it-last@^1.0.4":
  "integrity" "sha512-PV/2S4zg5g6dkVuKfgrQfN2rUN4wdTI1FzyAvU+i8RV96syut40pa2s9Dut5X7SkjwA3P0tOhLABLdnOJ0Y/4Q=="
  "resolved" "https://registry.npmjs.org/it-last/-/it-last-1.0.5.tgz"
  "version" "1.0.5"

"it-map@^1.0.4":
  "integrity" "sha512-EElupuWhHVStUgUY+OfTJIS2MZed96lDrAXzJUuqiiqLnIKoBRqtX1ZG2oR0bGDsSppmz83MtzCeKLZ9TVAUxQ=="
  "resolved" "https://registry.npmjs.org/it-map/-/it-map-1.0.5.tgz"
  "version" "1.0.5"

"it-peekable@^1.0.2":
  "integrity" "sha512-LRPLu94RLm+lxLZbChuc9iCXrKCOu1obWqxfaKhF00yIp30VGkl741b5P60U+rdBxuZD/Gt1bnmakernv7bVFg=="
  "resolved" "https://registry.npmjs.org/it-peekable/-/it-peekable-1.0.2.tgz"
  "version" "1.0.2"

"it-take@^1.0.1":
  "integrity" "sha512-6H6JAWYcyumKSpcIPLs6tHN4xnibphmyU79WQaYVCBtaBOzf4fn75wzvSH8fH8fcMlPBTWY1RlmOWleQxBt2Ug=="
  "resolved" "https://registry.npmjs.org/it-take/-/it-take-1.0.1.tgz"
  "version" "1.0.1"

"it-to-stream@^1.0.0":
  "integrity" "sha512-pLULMZMAB/+vbdvbZtebC0nWBTbG581lk6w8P7DfIIIKUfa8FbY7Oi0FxZcFPbxvISs7A9E+cMpLDBc1XhpAOA=="
  "resolved" "https://registry.npmjs.org/it-to-stream/-/it-to-stream-1.0.0.tgz"
  "version" "1.0.0"
  dependencies:
    "buffer" "^6.0.3"
    "fast-fifo" "^1.0.0"
    "get-iterator" "^1.0.2"
    "p-defer" "^3.0.0"
    "p-fifo" "^1.0.0"
    "readable-stream" "^3.6.0"

"long@^4.0.0":
  "integrity" "sha512-XsP+KhQif4bjX1kbuSiySJFNAehNxgLb6hPRGJ9QsUr8ajHkuXGdrHmFUTUUXhDwVX2R5bY4JNZEwbUiMhV+MA=="
  "resolved" "https://registry.npmjs.org/long/-/long-4.0.0.tgz"
  "version" "4.0.0"

"merge-options@^3.0.4":
  "integrity" "sha512-2Sug1+knBjkaMsMgf1ctR1Ujx+Ayku4EdJN4Z+C2+JzoeF7A3OZ9KM2GY0CpQS51NR61LTurMJrRKPhSs3ZRTQ=="
  "resolved" "https://registry.npmjs.org/merge-options/-/merge-options-3.0.4.tgz"
  "version" "3.0.4"
  dependencies:
    "is-plain-obj" "^2.1.0"

"mime-db@1.49.0":
  "integrity" "sha512-CIc8j9URtOVApSFCQIF+VBkX1RwXp/oMMOrqdyXSBXq5RWNEsRfyj1kiRnQgmNXmHxPoFIxOroKA3zcU9P+nAA=="
  "resolved" "https://registry.npmjs.org/mime-db/-/mime-db-1.49.0.tgz"
  "version" "1.49.0"

"mime-types@^2.1.12":
  "integrity" "sha512-hJGaVS4G4c9TSMYh2n6SQAGrC4RnfU+daP8G7cSCmaqNjiOoUY0VHCMS42pxnQmVF1GWwFhbHWn3RIxCqTmZ9A=="
  "resolved" "https://registry.npmjs.org/mime-types/-/mime-types-2.1.32.tgz"
  "version" "2.1.32"
  dependencies:
    "mime-db" "1.49.0"

"minimatch@^3.0.4":
  "integrity" "sha512-yJHVQEhyqPLUTgt9B83PXu6W3rx4MvvHvSUvToogpwoGDOUQ+yDrR0HRot+yOCdCO7u4hX3pWft6kWBBcqh0UA=="
  "resolved" "https://registry.npmjs.org/minimatch/-/minimatch-3.0.4.tgz"
  "version" "3.0.4"
  dependencies:
    "brace-expansion" "^1.1.7"

"moment-timezone@^0.5.31":
  "integrity" "sha512-PTc2vcT8K9J5/9rDEPe5czSIKgLoGsH8UNpA4qZTVw0Vd/Uz19geE9abbIOQKaAQFcnQ3v5YEXrbSc5BpshH+w=="
  "resolved" "https://registry.npmjs.org/moment-timezone/-/moment-timezone-0.5.33.tgz"
  "version" "0.5.33"
  dependencies:
    "moment" ">= 2.9.0"

"moment@>= 2.9.0":
  "integrity" "sha512-kHmoybcPV8Sqy59DwNDY3Jefr64lK/by/da0ViFcuA4DH0vQg5Q6Ze5VimxkfQNSC+Mls/Kx53s7TjP1RhFEDQ=="
  "resolved" "https://registry.npmjs.org/moment/-/moment-2.29.1.tgz"
  "version" "2.29.1"

"ms@^2.1.1", "ms@2.1.2":
  "integrity" "sha512-sGkPx+VjMtmA6MX27oA4FBFELFCZZ4S4XqeGOXCv68tT+jb3vk/RyaKWP0PTKyWtmLSM0b+adUTEvbs1PEaH2w=="
  "resolved" "https://registry.npmjs.org/ms/-/ms-2.1.2.tgz"
  "version" "2.1.2"

"multiaddr-to-uri@^8.0.0":
  "integrity" "sha512-dq4p/vsOOUdVEd1J1gl+R2GFrXJQH8yjLtz4hodqdVbieg39LvBOdMQRdQnfbg5LSM/q1BYNVf5CBbwZFFqBgA=="
  "resolved" "https://registry.npmjs.org/multiaddr-to-uri/-/multiaddr-to-uri-8.0.0.tgz"
  "version" "8.0.0"
  dependencies:
    "multiaddr" "^10.0.0"

"multiaddr@^10.0.0":
  "integrity" "sha512-G5upNcGzEGuTHkzxezPrrD6CaIHR9uo+7MwqhNVcXTs33IInon4y7nMiGxl2CY5hG7chvYQUQhz5V52/Qe3cbg=="
  "resolved" "https://registry.npmjs.org/multiaddr/-/multiaddr-10.0.1.tgz"
  "version" "10.0.1"
  dependencies:
    "dns-over-http-resolver" "^1.2.3"
    "err-code" "^3.0.1"
    "is-ip" "^3.1.0"
    "multiformats" "^9.4.5"
    "uint8arrays" "^3.0.0"
    "varint" "^6.0.0"

"multiformats@^9.0.0", "multiformats@^9.4.1", "multiformats@^9.4.2", "multiformats@^9.4.5":
  "integrity" "sha512-fZbcdf7LnvokPAZYkv4TLXe7PAg9sQ5qLXcwrAmZOloEb2+5FtFiAY+l3/9wsu4oTJXTV3JSggFQQ2dJLS01vA=="
  "resolved" "https://registry.npmjs.org/multiformats/-/multiformats-9.4.7.tgz"
  "version" "9.4.7"

"nanoid@^3.0.2", "nanoid@^3.1.12", "nanoid@^3.1.20":
  "integrity" "sha512-rdwtIXaXCLFAQbnfqDRnI6jaRHp9fTcYBjtFKE8eezcZ7LuLjhUaQGNeMXf1HmRoCH32CLz6XwX0TtxEOS/A3Q=="
  "resolved" "https://registry.npmjs.org/nanoid/-/nanoid-3.1.25.tgz"
  "version" "3.1.25"

"native-abort-controller@^1.0.3":
  "integrity" "sha512-zp8yev7nxczDJMoP6pDxyD20IU0T22eX8VwN2ztDccKvSZhRaV33yP1BGwKSZfXuqWUzsXopVFjBdau9OOAwMQ=="
  "resolved" "https://registry.npmjs.org/native-abort-controller/-/native-abort-controller-1.0.4.tgz"
  "version" "1.0.4"

"native-fetch@^3.0.0":
  "integrity" "sha512-G3Z7vx0IFb/FQ4JxvtqGABsOTIqRWvgQz6e+erkB+JJD6LrszQtMozEHI4EkmgZQvnGHrpLVzUWk7t4sJCIkVw=="
  "resolved" "https://registry.npmjs.org/native-fetch/-/native-fetch-3.0.0.tgz"
  "version" "3.0.0"

"node-cron@^3.0.0":
  "integrity" "sha512-DDwIvvuCwrNiaU7HEivFDULcaQualDv7KoNlB/UU1wPW0n1tDEmBJKhEIE6DlF2FuoOHcNbLJ8ITL2Iv/3AWmA=="
  "resolved" "https://registry.npmjs.org/node-cron/-/node-cron-3.0.0.tgz"
  "version" "3.0.0"
  dependencies:
    "moment-timezone" "^0.5.31"

"node-fetch@*", "node-fetch@https://registry.npmjs.org/@achingbrain/node-fetch/-/node-fetch-2.6.7.tgz":
  "integrity" "sha512-iTASGs+HTFK5E4ZqcMsHmeJ4zodyq8L38lZV33jwqcBJYoUt3HjN4+ot+O9/0b+ke8ddE7UgOtVuZN/OkV19/g=="
  "resolved" "https://registry.yarnpkg.com/@achingbrain/node-fetch/-/node-fetch-2.6.7.tgz"
  "version" "2.6.7"

"node-rsa@^1.1.1":
  "integrity" "sha512-Jd4cvbJMryN21r5HgxQOpMEqv+ooke/korixNNK3mGqfGJmy0M77WDDzo/05969+OkMy3XW1UuZsSmW9KQm7Fw=="
  "resolved" "https://registry.npmjs.org/node-rsa/-/node-rsa-1.1.1.tgz"
  "version" "1.1.1"
  dependencies:
    "asn1" "^0.2.4"

"p-defer@^3.0.0":
  "integrity" "sha512-ugZxsxmtTln604yeYd29EGrNhazN2lywetzpKhfmQjW/VJmhpDmWbiX+h0zL8V91R0UXkhb3KtPmyq9PZw3aYw=="
  "resolved" "https://registry.npmjs.org/p-defer/-/p-defer-3.0.0.tgz"
  "version" "3.0.0"

"p-fifo@^1.0.0":
  "integrity" "sha512-IjoCxXW48tqdtDFz6fqo5q1UfFVjjVZe8TC1QRflvNUJtNfCUhxOUw6MOVZhDPjqhSzc26xKdugsO17gmzd5+A=="
  "resolved" "https://registry.npmjs.org/p-fifo/-/p-fifo-1.0.0.tgz"
  "version" "1.0.0"
  dependencies:
    "fast-fifo" "^1.0.0"
    "p-defer" "^3.0.0"

"parse-duration@^1.0.0":
  "integrity" "sha512-X4kUkCTHU1N/kEbwK9FpUJ0UZQa90VzeczfS704frR30gljxDG0pSziws06XlK+CGRSo/1wtG1mFIdBFQTMQNw=="
  "resolved" "https://registry.npmjs.org/parse-duration/-/parse-duration-1.0.0.tgz"
  "version" "1.0.0"

"protobufjs@^6.10.2":
  "integrity" "sha512-4BQJoPooKJl2G9j3XftkIXjoC9C0Av2NOrWmbLWT1vH32GcSUHjM0Arra6UfTsVyfMAuFzaLucXn1sadxJydAw=="
  "resolved" "https://registry.npmjs.org/protobufjs/-/protobufjs-6.11.2.tgz"
  "version" "6.11.2"
  dependencies:
    "@protobufjs/aspromise" "^1.1.2"
    "@protobufjs/base64" "^1.1.2"
    "@protobufjs/codegen" "^2.0.4"
    "@protobufjs/eventemitter" "^1.1.0"
    "@protobufjs/fetch" "^1.1.0"
    "@protobufjs/float" "^1.0.2"
    "@protobufjs/inquire" "^1.1.0"
    "@protobufjs/path" "^1.1.2"
    "@protobufjs/pool" "^1.1.0"
    "@protobufjs/utf8" "^1.1.0"
    "@types/long" "^4.0.1"
    "@types/node" ">=13.7.0"
    "long" "^4.0.0"

"react-native-fetch-api@^2.0.0":
  "integrity" "sha512-GOA8tc1EVYLnHvma/TU9VTgLOyralO7eATRuCDchQveXW9Fr9vXygyq9iwqmM7YRZ8qRJfEt9xOS7OYMdJvRFw=="
  "resolved" "https://registry.npmjs.org/react-native-fetch-api/-/react-native-fetch-api-2.0.0.tgz"
  "version" "2.0.0"
  dependencies:
    "p-defer" "^3.0.0"

"readable-stream@^3.6.0":
  "integrity" "sha512-BViHy7LKeTz4oNnkcLJ+lVSL6vpiFeX6/d3oSH8zCW7UxP2onchk+vTGB143xuFjHS3deTgkKoXXymXqymiIdA=="
  "resolved" "https://registry.npmjs.org/readable-stream/-/readable-stream-3.6.0.tgz"
  "version" "3.6.0"
  dependencies:
    "inherits" "^2.0.3"
    "string_decoder" "^1.1.1"
    "util-deprecate" "^1.0.1"

"receptacle@^1.3.2":
  "integrity" "sha512-HrsFvqZZheusncQRiEE7GatOAETrARKV/lnfYicIm8lbvp/JQOdADOfhjBd2DajvoszEyxSM6RlAAIZgEoeu/A=="
  "resolved" "https://registry.npmjs.org/receptacle/-/receptacle-1.3.2.tgz"
  "version" "1.3.2"
  dependencies:
    "ms" "^2.1.1"

"retimer@^2.0.0":
  "integrity" "sha512-KLXY85WkEq2V2bKex/LOO1ViXVn2KGYe4PYysAdYdjmraYIUsVkXu8O4am+8+5UbaaGl1qho4aqAAPHNQ4GSbg=="
  "resolved" "https://registry.npmjs.org/retimer/-/retimer-2.0.0.tgz"
  "version" "2.0.0"

"safe-buffer@~5.2.0":
  "integrity" "sha512-rp3So07KcdmmKbGvgaNxQSJr7bGVSVk5S9Eq1F+ppbRo70+YeaDxkw5Dd8NPN+GD6bjnYm2VuPuCXmpuYvmCXQ=="
  "resolved" "https://registry.npmjs.org/safe-buffer/-/safe-buffer-5.2.1.tgz"
  "version" "5.2.1"

"safer-buffer@>= 2.1.2 < 3.0.0", "safer-buffer@~2.1.0":
  "integrity" "sha512-YZo3K82SD7Riyi0E1EQPojLz7kpepnSQI9IyPbHHg1XXXevb5dJI7tpyN2ADxGcQbHG7vcyRHk0cbwqcQriUtg=="
  "resolved" "https://registry.npmjs.org/safer-buffer/-/safer-buffer-2.1.2.tgz"
  "version" "2.1.2"

"stream-to-it@^0.2.2":
  "integrity" "sha512-4vEbkSs83OahpmBybNJXlJd7d6/RxzkkSdT3I0mnGt79Xd2Kk+e1JqbvAvsQfCeKj3aKb0QIWkyK3/n0j506vQ=="
  "resolved" "https://registry.npmjs.org/stream-to-it/-/stream-to-it-0.2.4.tgz"
  "version" "0.2.4"
  dependencies:
    "get-iterator" "^1.0.2"

"string_decoder@^1.1.1":
  "integrity" "sha512-hkRX8U1WjJFd8LsDJ2yQ/wWWxaopEsABU1XfkM8A+j0+85JAGppt16cr1Whg6KIbb4okU6Mql6BOj+uup/wKeA=="
  "resolved" "https://registry.npmjs.org/string_decoder/-/string_decoder-1.3.0.tgz"
  "version" "1.3.0"
  dependencies:
    "safe-buffer" "~5.2.0"

"timeout-abort-controller@^1.1.1":
  "integrity" "sha512-BsF9i3NAJag6T0ZEjki9j654zoafI2X6ayuNd6Tp8+Ul6Tr5s4jo973qFeiWrRSweqvskC+AHDKUmIW4b7pdhQ=="
  "resolved" "https://registry.npmjs.org/timeout-abort-controller/-/timeout-abort-controller-1.1.1.tgz"
  "version" "1.1.1"
  dependencies:
    "abort-controller" "^3.0.0"
    "retimer" "^2.0.0"

"typescript@^4.4.3":
  "integrity" "sha512-4xfscpisVgqqDfPaJo5vkd+Qd/ItkoagnHpufr+i2QCHBsNYp+G7UAoyFl8aPtx879u38wPV65rZ8qbGZijalA=="
  "resolved" "https://registry.npmjs.org/typescript/-/typescript-4.4.3.tgz"
  "version" "4.4.3"

"uint8arrays@^3.0.0":
  "integrity" "sha512-HRCx0q6O9Bfbp+HHSfQQKD7wU70+lydKVt4EghkdOvlK/NlrF90z+eXV34mUd48rNvVJXwkrMSPpCATkct8fJA=="
  "resolved" "https://registry.npmjs.org/uint8arrays/-/uint8arrays-3.0.0.tgz"
  "version" "3.0.0"
  dependencies:
    "multiformats" "^9.4.2"

"util-deprecate@^1.0.1":
  "integrity" "sha1-RQ1Nyfpw3nMnYvvS1KKJgUGaDM8= sha512-EPD5q1uXyFxJpCrLnCc1nHnq3gOa6DZBocAIiI2TaSCA7VCJ1UJDMagCzIkXNsUYfD1daK//LTEQ8xiIbrHtcw=="
  "resolved" "https://registry.npmjs.org/util-deprecate/-/util-deprecate-1.0.2.tgz"
  "version" "1.0.2"

"varint@^6.0.0":
  "integrity" "sha512-cXEIW6cfr15lFv563k4GuVuW/fiwjknytD37jIOLSdSWuOI6WnO/oKwmP2FQTU2l01LP8/M5TSAJpzUaGe3uWg=="
  "resolved" "https://registry.npmjs.org/varint/-/varint-6.0.0.tgz"
  "version" "6.0.0"
